
Microsoft Visual Studio Solution File, Format Version 12.00
# Visual Studio Version 17
VisualStudioVersion = 17.7.34031.279
MinimumVisualStudioVersion = 10.0.40219.1
Project("{9A19103F-16F7-4668-BE54-9A1E7A4F7556}") = "marrage_hall", "marrage_hall\marrage_hall.csproj", "{05CABD98-AF30-40C9-B7B9-2A375E6708DA}"
EndProject
Global
	GlobalSection(SolutionConfigurationPlatforms) = preSolution
		Debug|Any CPU = Debug|Any CPU
		Release|Any CPU = Release|Any CPU
	EndGlobalSection
	GlobalSection(ProjectConfigurationPlatforms) = postSolution
		{05CABD98-AF30-40C9-B7B9-2A375E6708DA}.Debug|Any CPU.ActiveCfg = Debug|Any CPU
		{05CABD98-AF30-40C9-B7B9-2A375E6708DA}.Debug|Any CPU.Build.0 = Debug|Any CPU
		{05CABD98-AF30-40C9-B7B9-2A375E6708DA}.Release|Any CPU.ActiveCfg = Release|Any CPU
		{05CABD98-AF30-40C9-B7B9-2A375E6708DA}.Release|Any CPU.Build.0 = Release|Any CPU
	EndGlobalSection
	GlobalSection(SolutionProperties) = preSolution
		HideSolutionNode = FALSE
	EndGlobalSection
	GlobalSection(ExtensibilityGlobals) = postSolution
		SolutionGuid = {C34EEB2D-27DF-46EC-8D57-EC0B297EDA7B}
	EndGlobalSection
EndGlobal
